
Microsoft Visual Studio Solution File, Format Version 12.00
# Visual Studio Version 17
VisualStudioVersion = 17.4.33205.214
MinimumVisualStudioVersion = 10.0.40219.1
Project("{FAE04EC0-301F-11D3-BF4B-00C04F79EFBC}") = "hospital", "hospital\hospital.csproj", "{10B007AF-FE40-4A47-9701-0BBF348802E0}"
EndProject
Global
	GlobalSection(SolutionConfigurationPlatforms) = preSolution
		Debug|Any CPU = Debug|Any CPU
		Release|Any CPU = Release|Any CPU
	EndGlobalSection
	GlobalSection(ProjectConfigurationPlatforms) = postSolution
		{10B007AF-FE40-4A47-9701-0BBF348802E0}.Debug|Any CPU.ActiveCfg = Debug|Any CPU
		{10B007AF-FE40-4A47-9701-0BBF348802E0}.Debug|Any CPU.Build.0 = Debug|Any CPU
		{10B007AF-FE40-4A47-9701-0BBF348802E0}.Release|Any CPU.ActiveCfg = Release|Any CPU
		{10B007AF-FE40-4A47-9701-0BBF348802E0}.Release|Any CPU.Build.0 = Release|Any CPU
	EndGlobalSection
	GlobalSection(SolutionProperties) = preSolution
		HideSolutionNode = FALSE
	EndGlobalSection
	GlobalSection(ExtensibilityGlobals) = postSolution
		SolutionGuid = {14DC3C57-02AC-49F6-B604-7E832AEE5A4D}
	EndGlobalSection
EndGlobal
